
Microsoft Visual Studio Solution File, Format Version 12.00
# Visual Studio Version 17
VisualStudioVersion = 17.5.002.0
MinimumVisualStudioVersion = 10.0.40219.1
Project("{9A19103F-16F7-4668-BE54-9A1E7A4F7556}") = "BaiDauTien", "BaiDauTien.csproj", "{CCE686BB-1517-4F61-AD8E-C9AFD5224EE9}"
EndProject
Global
	GlobalSection(SolutionConfigurationPlatforms) = preSolution
		Debug|Any CPU = Debug|Any CPU
		Release|Any CPU = Release|Any CPU
	EndGlobalSection
	GlobalSection(ProjectConfigurationPlatforms) = postSolution
		{CCE686BB-1517-4F61-AD8E-C9AFD5224EE9}.Debug|Any CPU.ActiveCfg = Debug|Any CPU
		{CCE686BB-1517-4F61-AD8E-C9AFD5224EE9}.Debug|Any CPU.Build.0 = Debug|Any CPU
		{CCE686BB-1517-4F61-AD8E-C9AFD5224EE9}.Release|Any CPU.ActiveCfg = Release|Any CPU
		{CCE686BB-1517-4F61-AD8E-C9AFD5224EE9}.Release|Any CPU.Build.0 = Release|Any CPU
	EndGlobalSection
	GlobalSection(SolutionProperties) = preSolution
		HideSolutionNode = FALSE
	EndGlobalSection
	GlobalSection(ExtensibilityGlobals) = postSolution
		SolutionGuid = {53569EA6-0243-43EA-A3E9-F9B2B15AF411}
	EndGlobalSection
EndGlobal
